
Microsoft Visual Studio Solution File, Format Version 12.00
# Visual Studio Version 17
VisualStudioVersion = 17.6.33815.320
MinimumVisualStudioVersion = 10.0.40219.1
Project("{9A19103F-16F7-4668-BE54-9A1E7A4F7556}") = "RandomPasswordGenerator", "RandomPasswordGenerator.csproj", "{A1390834-F145-466F-8CD7-0F03D72BC665}"
EndProject
Project("{9A19103F-16F7-4668-BE54-9A1E7A4F7556}") = "ROCFramework-Core", "..\ROCFramework\ROCFramework-Core\ROCFramework-Core.csproj", "{2EF19540-A10D-44A3-9AAD-BBA636CAFFE4}"
EndProject
Project("{54435603-DBB4-11D2-8724-00A0C9A8B90C}") = "InstallerProject", "InstallerProject\InstallerProject.vdproj", "{122B275D-5EE6-4B43-BA0F-173913BC85A3}"
EndProject
Global
	GlobalSection(SolutionConfigurationPlatforms) = preSolution
		Debug|Any CPU = Debug|Any CPU
		Release|Any CPU = Release|Any CPU
	EndGlobalSection
	GlobalSection(ProjectConfigurationPlatforms) = postSolution
		{A1390834-F145-466F-8CD7-0F03D72BC665}.Debug|Any CPU.ActiveCfg = Debug|Any CPU
		{A1390834-F145-466F-8CD7-0F03D72BC665}.Debug|Any CPU.Build.0 = Debug|Any CPU
		{A1390834-F145-466F-8CD7-0F03D72BC665}.Release|Any CPU.ActiveCfg = Release|Any CPU
		{A1390834-F145-466F-8CD7-0F03D72BC665}.Release|Any CPU.Build.0 = Release|Any CPU
		{2EF19540-A10D-44A3-9AAD-BBA636CAFFE4}.Debug|Any CPU.ActiveCfg = Debug|Any CPU
		{2EF19540-A10D-44A3-9AAD-BBA636CAFFE4}.Debug|Any CPU.Build.0 = Debug|Any CPU
		{2EF19540-A10D-44A3-9AAD-BBA636CAFFE4}.Release|Any CPU.ActiveCfg = Release|Any CPU
		{2EF19540-A10D-44A3-9AAD-BBA636CAFFE4}.Release|Any CPU.Build.0 = Release|Any CPU
		{122B275D-5EE6-4B43-BA0F-173913BC85A3}.Debug|Any CPU.ActiveCfg = Debug
		{122B275D-5EE6-4B43-BA0F-173913BC85A3}.Release|Any CPU.ActiveCfg = Release
	EndGlobalSection
	GlobalSection(SolutionProperties) = preSolution
		HideSolutionNode = FALSE
	EndGlobalSection
	GlobalSection(ExtensibilityGlobals) = postSolution
		SolutionGuid = {2D6D7CAD-5E33-496C-9EA9-B628AEA8E53E}
	EndGlobalSection
EndGlobal
